
Microsoft Visual Studio Solution File, Format Version 12.00
# Visual Studio 14
VisualStudioVersion = 14.0.23107.0
MinimumVisualStudioVersion = 10.0.40219.1
Project("{FAE04EC0-301F-11D3-BF4B-00C04F79EFBC}") = "ChangeMyWallpaper", "ChangeMyWallpaper\ChangeMyWallpaper.csproj", "{ECD0F2ED-90B9-4E71-9EC7-7126E849537B}"
EndProject
Global
	GlobalSection(SolutionConfigurationPlatforms) = preSolution
		Debug|Any CPU = Debug|Any CPU
		Release|Any CPU = Release|Any CPU
	EndGlobalSection
	GlobalSection(ProjectConfigurationPlatforms) = postSolution
		{ECD0F2ED-90B9-4E71-9EC7-7126E849537B}.Debug|Any CPU.ActiveCfg = Debug|Any CPU
		{ECD0F2ED-90B9-4E71-9EC7-7126E849537B}.Debug|Any CPU.Build.0 = Debug|Any CPU
		{ECD0F2ED-90B9-4E71-9EC7-7126E849537B}.Release|Any CPU.ActiveCfg = Release|Any CPU
		{ECD0F2ED-90B9-4E71-9EC7-7126E849537B}.Release|Any CPU.Build.0 = Release|Any CPU
	EndGlobalSection
	GlobalSection(SolutionProperties) = preSolution
		HideSolutionNode = FALSE
	EndGlobalSection
EndGlobal
